
Microsoft Visual Studio Solution File, Format Version 12.00
# Visual Studio Version 17
VisualStudioVersion = 17.7.34024.191
MinimumVisualStudioVersion = 10.0.40219.1
Project("{FAE04EC0-301F-11D3-BF4B-00C04F79EFBC}") = "progkorny-image-and-canvas-example", "progkorny-image-and-canvas-example\progkorny-image-and-canvas-example.csproj", "{97B5C97D-5723-4D0C-8881-CBFDD4F676EA}"
EndProject
Global
	GlobalSection(SolutionConfigurationPlatforms) = preSolution
		Debug|Any CPU = Debug|Any CPU
		Release|Any CPU = Release|Any CPU
	EndGlobalSection
	GlobalSection(ProjectConfigurationPlatforms) = postSolution
		{97B5C97D-5723-4D0C-8881-CBFDD4F676EA}.Debug|Any CPU.ActiveCfg = Debug|Any CPU
		{97B5C97D-5723-4D0C-8881-CBFDD4F676EA}.Debug|Any CPU.Build.0 = Debug|Any CPU
		{97B5C97D-5723-4D0C-8881-CBFDD4F676EA}.Release|Any CPU.ActiveCfg = Release|Any CPU
		{97B5C97D-5723-4D0C-8881-CBFDD4F676EA}.Release|Any CPU.Build.0 = Release|Any CPU
	EndGlobalSection
	GlobalSection(SolutionProperties) = preSolution
		HideSolutionNode = FALSE
	EndGlobalSection
	GlobalSection(ExtensibilityGlobals) = postSolution
		SolutionGuid = {EF7166B2-64C7-4734-A738-0D1F64403D64}
	EndGlobalSection
EndGlobal
